
Microsoft Visual Studio Solution File, Format Version 12.00
# Visual Studio Version 17
VisualStudioVersion = 17.0.31903.59
MinimumVisualStudioVersion = 10.0.40219.1
Project("{FAE04EC0-301F-11D3-BF4B-00C04F79EFBC}") = "Design Patterns", "Design Patterns\Design Patterns.csproj", "{03669669-31EE-462A-87ED-3D530ED12CF5}"
EndProject
Global
	GlobalSection(SolutionConfigurationPlatforms) = preSolution
		Debug|Any CPU = Debug|Any CPU
		Release|Any CPU = Release|Any CPU
	EndGlobalSection
	GlobalSection(ProjectConfigurationPlatforms) = postSolution
		{03669669-31EE-462A-87ED-3D530ED12CF5}.Debug|Any CPU.ActiveCfg = Debug|Any CPU
		{03669669-31EE-462A-87ED-3D530ED12CF5}.Debug|Any CPU.Build.0 = Debug|Any CPU
		{03669669-31EE-462A-87ED-3D530ED12CF5}.Release|Any CPU.ActiveCfg = Release|Any CPU
		{03669669-31EE-462A-87ED-3D530ED12CF5}.Release|Any CPU.Build.0 = Release|Any CPU
	EndGlobalSection
	GlobalSection(SolutionProperties) = preSolution
		HideSolutionNode = FALSE
	EndGlobalSection
	GlobalSection(ExtensibilityGlobals) = postSolution
		SolutionGuid = {55D4B982-CEC7-4B0F-84EA-ACD2873DCE41}
	EndGlobalSection
EndGlobal
